
Microsoft Visual Studio Solution File, Format Version 12.00
# Visual Studio 15
VisualStudioVersion = 15.0.28307.329
MinimumVisualStudioVersion = 10.0.40219.1
Project("{8BC9CEB8-8B4A-11D0-8D11-00A0C91BC942}") = "sortare", "sortare\sortare.vcxproj", "{0B5D90E8-92A4-4B25-8A60-5292BF9E8CDD}"
EndProject
Global
	GlobalSection(SolutionConfigurationPlatforms) = preSolution
		Debug|x64 = Debug|x64
		Debug|x86 = Debug|x86
		Release|x64 = Release|x64
		Release|x86 = Release|x86
	EndGlobalSection
	GlobalSection(ProjectConfigurationPlatforms) = postSolution
		{0B5D90E8-92A4-4B25-8A60-5292BF9E8CDD}.Debug|x64.ActiveCfg = Debug|x64
		{0B5D90E8-92A4-4B25-8A60-5292BF9E8CDD}.Debug|x64.Build.0 = Debug|x64
		{0B5D90E8-92A4-4B25-8A60-5292BF9E8CDD}.Debug|x86.ActiveCfg = Debug|Win32
		{0B5D90E8-92A4-4B25-8A60-5292BF9E8CDD}.Debug|x86.Build.0 = Debug|Win32
		{0B5D90E8-92A4-4B25-8A60-5292BF9E8CDD}.Release|x64.ActiveCfg = Release|x64
		{0B5D90E8-92A4-4B25-8A60-5292BF9E8CDD}.Release|x64.Build.0 = Release|x64
		{0B5D90E8-92A4-4B25-8A60-5292BF9E8CDD}.Release|x86.ActiveCfg = Release|Win32
		{0B5D90E8-92A4-4B25-8A60-5292BF9E8CDD}.Release|x86.Build.0 = Release|Win32
	EndGlobalSection
	GlobalSection(SolutionProperties) = preSolution
		HideSolutionNode = FALSE
	EndGlobalSection
	GlobalSection(ExtensibilityGlobals) = postSolution
		SolutionGuid = {8E77CC37-44A3-4361-BE99-7701B91C8811}
	EndGlobalSection
EndGlobal
